
Microsoft Visual Studio Solution File, Format Version 12.00
# Visual Studio Version 16
VisualStudioVersion = 16.0.29326.143
MinimumVisualStudioVersion = 10.0.40219.1
Project("{9A19103F-16F7-4668-BE54-9A1E7A4F7556}") = "Machine.Learning", "Machine.Learning\Machine.Learning.csproj", "{2FC80835-3C13-4312-AC51-C35A86CAE0BE}"
EndProject
Project("{FAE04EC0-301F-11D3-BF4B-00C04F79EFBC}") = "Network.Layout.Finder", "Network.Layout.Finder\Network.Layout.Finder.csproj", "{035EF475-698D-4C92-A7D1-1EF545569C8A}"
EndProject
Global
	GlobalSection(SolutionConfigurationPlatforms) = preSolution
		Debug|Any CPU = Debug|Any CPU
		Release|Any CPU = Release|Any CPU
	EndGlobalSection
	GlobalSection(ProjectConfigurationPlatforms) = postSolution
		{2FC80835-3C13-4312-AC51-C35A86CAE0BE}.Debug|Any CPU.ActiveCfg = Debug|Any CPU
		{2FC80835-3C13-4312-AC51-C35A86CAE0BE}.Debug|Any CPU.Build.0 = Debug|Any CPU
		{2FC80835-3C13-4312-AC51-C35A86CAE0BE}.Release|Any CPU.ActiveCfg = Release|Any CPU
		{2FC80835-3C13-4312-AC51-C35A86CAE0BE}.Release|Any CPU.Build.0 = Release|Any CPU
		{035EF475-698D-4C92-A7D1-1EF545569C8A}.Debug|Any CPU.ActiveCfg = Debug|Any CPU
		{035EF475-698D-4C92-A7D1-1EF545569C8A}.Debug|Any CPU.Build.0 = Debug|Any CPU
		{035EF475-698D-4C92-A7D1-1EF545569C8A}.Release|Any CPU.ActiveCfg = Release|Any CPU
		{035EF475-698D-4C92-A7D1-1EF545569C8A}.Release|Any CPU.Build.0 = Release|Any CPU
	EndGlobalSection
	GlobalSection(SolutionProperties) = preSolution
		HideSolutionNode = FALSE
	EndGlobalSection
	GlobalSection(ExtensibilityGlobals) = postSolution
		SolutionGuid = {4073C76C-4D6D-4050-A56A-3960B36D8048}
	EndGlobalSection
EndGlobal
